// labelle.lock — resolved dependency versions
// Generated by labelle-cli. Commit this file to git.
.{
    .cli_version = "1.67.0",
    .resolved = .{
        .core = .{ .version = "1.32.0" },
        .engine = .{ .version = "2.22.0" },
        .gfx = .{ .version = "1.36.0" },
        .labelle = .{ .version = "1.67.0" },
        .ecs = .{ .name = "zig_ecs" },
    },
}
